
Microsoft Visual Studio Solution File, Format Version 12.00
# Visual Studio Version 17
VisualStudioVersion = 17.9.34723.18
MinimumVisualStudioVersion = 10.0.40219.1
Project("{FAE04EC0-301F-11D3-BF4B-00C04F79EFBC}") = "TinyOS.Pipelink", ".\TinyOS.Pipelink\TinyOS.Pipelink.csproj", "{953D42CC-2ED6-4E35-B2E7-2270323F4DD2}"
EndProject
Global
	GlobalSection(SolutionConfigurationPlatforms) = preSolution
		Debug|Any CPU = Debug|Any CPU
		Release|Any CPU = Release|Any CPU
	EndGlobalSection
	GlobalSection(ProjectConfigurationPlatforms) = postSolution
		{953D42CC-2ED6-4E35-B2E7-2270323F4DD2}.Debug|Any CPU.ActiveCfg = Debug|Any CPU
		{953D42CC-2ED6-4E35-B2E7-2270323F4DD2}.Debug|Any CPU.Build.0 = Debug|Any CPU
		{953D42CC-2ED6-4E35-B2E7-2270323F4DD2}.Release|Any CPU.ActiveCfg = Release|Any CPU
		{953D42CC-2ED6-4E35-B2E7-2270323F4DD2}.Release|Any CPU.Build.0 = Release|Any CPU
	EndGlobalSection
	GlobalSection(SolutionProperties) = preSolution
		HideSolutionNode = FALSE
	EndGlobalSection
	GlobalSection(ExtensibilityGlobals) = postSolution
		SolutionGuid = {9C7E291B-C3A6-4EAB-90F2-18F2DD09163F}
	EndGlobalSection
EndGlobal
